// !$*UTF8*$!
{
	archiveVersion = 1;
	classes = {
	};
	objectVersion = 56;
	objects = {

/* Begin PBXBuildFile section */
		915F2FB83C3F113718993592 /* Pods_ConceptLibrary.framework in Frameworks */ = {isa = PBXBuildFile; fileRef = 248A9B090B1E1CBE279E2A58 /* Pods_ConceptLibrary.framework */; };
		E63BE68B2BC08479006B9274 /* AsyncAwaitAPICalls_ViewController.swift in Sources */ = {isa = PBXBuildFile; fileRef = E63BE68A2BC08479006B9274 /* AsyncAwaitAPICalls_ViewController.swift */; };
		E63BE68E2BC084B5006B9274 /* SwiftAPICallsWithAsyncAwaitView.swift in Sources */ = {isa = PBXBuildFile; fileRef = E63BE68D2BC084B5006B9274 /* SwiftAPICallsWithAsyncAwaitView.swift */; };
		E63BE6902BC0860B006B9274 /* GithubError.swift in Sources */ = {isa = PBXBuildFile; fileRef = E63BE68F2BC0860B006B9274 /* GithubError.swift */; };
		E63BE6922BC08626006B9274 /* GithubUser.swift in Sources */ = {isa = PBXBuildFile; fileRef = E63BE6912BC08626006B9274 /* GithubUser.swift */; };
		E63BE6BA2BC0BA60006B9274 /* UIKitWithSwiftUI_ViewController.swift in Sources */ = {isa = PBXBuildFile; fileRef = E63BE6B92BC0BA60006B9274 /* UIKitWithSwiftUI_ViewController.swift */; };
		E63BE6BC2BC0BAB9006B9274 /* ProgressBarSwiftUIView.swift in Sources */ = {isa = PBXBuildFile; fileRef = E63BE6BB2BC0BAB9006B9274 /* ProgressBarSwiftUIView.swift */; };
		E63BE6BF2BC0BAFA006B9274 /* ProgressBarSwiftUIViewModel.swift in Sources */ = {isa = PBXBuildFile; fileRef = E63BE6BE2BC0BAFA006B9274 /* ProgressBarSwiftUIViewModel.swift */; };
		E63BE6C12BC483E2006B9274 /* Log.swift in Sources */ = {isa = PBXBuildFile; fileRef = E63BE6C02BC483E2006B9274 /* Log.swift */; };
		E63BE6E62BC4C2F5006B9274 /* EmbeddedViewControllerWithCollectionView_ViewController.swift in Sources */ = {isa = PBXBuildFile; fileRef = E63BE6E52BC4C2F5006B9274 /* EmbeddedViewControllerWithCollectionView_ViewController.swift */; };
		E63BE6E92BC4C72B006B9274 /* CustomTableViewCell.swift in Sources */ = {isa = PBXBuildFile; fileRef = E63BE6E82BC4C72B006B9274 /* CustomTableViewCell.swift */; };
		E63BE6EB2BC5D96C006B9274 /* CustomCollectionViewCell.swift in Sources */ = {isa = PBXBuildFile; fileRef = E63BE6EA2BC5D96C006B9274 /* CustomCollectionViewCell.swift */; };
		E63BE6ED2BC5D9D5006B9274 /* ChainedFrameConstraints+EmbeddedVC.swift in Sources */ = {isa = PBXBuildFile; fileRef = E63BE6EC2BC5D9D5006B9274 /* ChainedFrameConstraints+EmbeddedVC.swift */; };
		E63BE6EF2BC5DA3B006B9274 /* UIViewController+Alert.swift in Sources */ = {isa = PBXBuildFile; fileRef = E63BE6EE2BC5DA3B006B9274 /* UIViewController+Alert.swift */; };
		E63BE6F12BC5DA87006B9274 /* CustomTableViewController.swift in Sources */ = {isa = PBXBuildFile; fileRef = E63BE6F02BC5DA87006B9274 /* CustomTableViewController.swift */; };
		E63BE6F32BC5DAC2006B9274 /* CustomCollectionViewController.swift in Sources */ = {isa = PBXBuildFile; fileRef = E63BE6F22BC5DAC2006B9274 /* CustomCollectionViewController.swift */; };
		E681A2072BB2823000423514 /* AppDelegate.swift in Sources */ = {isa = PBXBuildFile; fileRef = E681A2062BB2823000423514 /* AppDelegate.swift */; };
		E681A2092BB2823000423514 /* SceneDelegate.swift in Sources */ = {isa = PBXBuildFile; fileRef = E681A2082BB2823000423514 /* SceneDelegate.swift */; };
		E681A20B2BB2823000423514 /* ConceptsListViewController.swift in Sources */ = {isa = PBXBuildFile; fileRef = E681A20A2BB2823000423514 /* ConceptsListViewController.swift */; };
		E681A2102BB2823200423514 /* Assets.xcassets in Resources */ = {isa = PBXBuildFile; fileRef = E681A20F2BB2823200423514 /* Assets.xcassets */; };
		E681A2132BB2823200423514 /* LaunchScreen.storyboard in Resources */ = {isa = PBXBuildFile; fileRef = E681A2112BB2823200423514 /* LaunchScreen.storyboard */; };
		E681A21C2BB2855B00423514 /* ConceptCell.swift in Sources */ = {isa = PBXBuildFile; fileRef = E681A21B2BB2855B00423514 /* ConceptCell.swift */; };
		E681A21E2BB2993300423514 /* Concepts.swift in Sources */ = {isa = PBXBuildFile; fileRef = E681A21D2BB2993300423514 /* Concepts.swift */; };
		E681A2212BB35E4600423514 /* LayoutIfNeeded_ViewController.swift in Sources */ = {isa = PBXBuildFile; fileRef = E681A2202BB35E4600423514 /* LayoutIfNeeded_ViewController.swift */; };
		E681A2242BB3699000423514 /* ViewCodable.swift in Sources */ = {isa = PBXBuildFile; fileRef = E681A2232BB3699000423514 /* ViewCodable.swift */; };
		E681A2262BB369A300423514 /* ChainedConstraints.swift in Sources */ = {isa = PBXBuildFile; fileRef = E681A2252BB369A200423514 /* ChainedConstraints.swift */; };
		E6DA3CD22BD1CA7800307526 /* Text2Speech_ViewController.swift in Sources */ = {isa = PBXBuildFile; fileRef = E6DA3CD12BD1CA7800307526 /* Text2Speech_ViewController.swift */; };
		E6DA3CD42BD1D3DC00307526 /* VoiceRecognition_ViewController.swift in Sources */ = {isa = PBXBuildFile; fileRef = E6DA3CD32BD1D3DC00307526 /* VoiceRecognition_ViewController.swift */; };
		E6DA3CD62BD1D75D00307526 /* VideoPlayer_ViewController.swift in Sources */ = {isa = PBXBuildFile; fileRef = E6DA3CD52BD1D75D00307526 /* VideoPlayer_ViewController.swift */; };
		E6DA3CF82BD1ED3000307526 /* My Sticker Extension StickerPackExtension.appex in Embed Foundation Extensions */ = {isa = PBXBuildFile; fileRef = E6DA3CF72BD1ED3000307526 /* My Sticker Extension StickerPackExtension.appex */; settings = {ATTRIBUTES = (RemoveHeadersOnCopy, ); }; };
		E6DA3CFC2BD1ED3000307526 /* Stickers.xcstickers in Resources */ = {isa = PBXBuildFile; fileRef = E6DA3CFB2BD1ED3000307526 /* Stickers.xcstickers */; };
		E6DA3CFD2BD1ED3000307526 /* Stickers.xcstickers in Resources */ = {isa = PBXBuildFile; fileRef = E6DA3CFB2BD1ED3000307526 /* Stickers.xcstickers */; };
/* End PBXBuildFile section */

/* Begin PBXContainerItemProxy section */
		E6DA3CF92BD1ED3000307526 /* PBXContainerItemProxy */ = {
			isa = PBXContainerItemProxy;
			containerPortal = E681A1FB2BB2823000423514 /* Project object */;
			proxyType = 1;
			remoteGlobalIDString = E6DA3CF62BD1ED3000307526;
			remoteInfo = "My Sticker Extension StickerPackExtension";
		};
/* End PBXContainerItemProxy section */

/* Begin PBXCopyFilesBuildPhase section */
		E6DA3D012BD1ED3000307526 /* Embed Foundation Extensions */ = {
			isa = PBXCopyFilesBuildPhase;
			buildActionMask = 2147483647;
			dstPath = "";
			dstSubfolderSpec = 13;
			files = (
				E6DA3CF82BD1ED3000307526 /* My Sticker Extension StickerPackExtension.appex in Embed Foundation Extensions */,
			);
			name = "Embed Foundation Extensions";
			runOnlyForDeploymentPostprocessing = 0;
		};
/* End PBXCopyFilesBuildPhase section */

/* Begin PBXFileReference section */
		248A9B090B1E1CBE279E2A58 /* Pods_ConceptLibrary.framework */ = {isa = PBXFileReference; explicitFileType = wrapper.framework; includeInIndex = 0; path = Pods_ConceptLibrary.framework; sourceTree = BUILT_PRODUCTS_DIR; };
		37A865ACA7A02C7127BAF247 /* Pods-ConceptLibrary.debug.xcconfig */ = {isa = PBXFileReference; includeInIndex = 1; lastKnownFileType = text.xcconfig; name = "Pods-ConceptLibrary.debug.xcconfig"; path = "Target Support Files/Pods-ConceptLibrary/Pods-ConceptLibrary.debug.xcconfig"; sourceTree = "<group>"; };
		E63BE68A2BC08479006B9274 /* AsyncAwaitAPICalls_ViewController.swift */ = {isa = PBXFileReference; lastKnownFileType = sourcecode.swift; path = AsyncAwaitAPICalls_ViewController.swift; sourceTree = "<group>"; };
		E63BE68D2BC084B5006B9274 /* SwiftAPICallsWithAsyncAwaitView.swift */ = {isa = PBXFileReference; lastKnownFileType = sourcecode.swift; path = SwiftAPICallsWithAsyncAwaitView.swift; sourceTree = "<group>"; };
		E63BE68F2BC0860B006B9274 /* GithubError.swift */ = {isa = PBXFileReference; lastKnownFileType = sourcecode.swift; path = GithubError.swift; sourceTree = "<group>"; };
		E63BE6912BC08626006B9274 /* GithubUser.swift */ = {isa = PBXFileReference; lastKnownFileType = sourcecode.swift; path = GithubUser.swift; sourceTree = "<group>"; };
		E63BE6B92BC0BA60006B9274 /* UIKitWithSwiftUI_ViewController.swift */ = {isa = PBXFileReference; lastKnownFileType = sourcecode.swift; path = UIKitWithSwiftUI_ViewController.swift; sourceTree = "<group>"; };
		E63BE6BB2BC0BAB9006B9274 /* ProgressBarSwiftUIView.swift */ = {isa = PBXFileReference; lastKnownFileType = sourcecode.swift; path = ProgressBarSwiftUIView.swift; sourceTree = "<group>"; };
		E63BE6BE2BC0BAFA006B9274 /* ProgressBarSwiftUIViewModel.swift */ = {isa = PBXFileReference; lastKnownFileType = sourcecode.swift; path = ProgressBarSwiftUIViewModel.swift; sourceTree = "<group>"; };
		E63BE6C02BC483E2006B9274 /* Log.swift */ = {isa = PBXFileReference; lastKnownFileType = sourcecode.swift; path = Log.swift; sourceTree = "<group>"; };
		E63BE6E52BC4C2F5006B9274 /* EmbeddedViewControllerWithCollectionView_ViewController.swift */ = {isa = PBXFileReference; lastKnownFileType = sourcecode.swift; path = EmbeddedViewControllerWithCollectionView_ViewController.swift; sourceTree = "<group>"; };
		E63BE6E82BC4C72B006B9274 /* CustomTableViewCell.swift */ = {isa = PBXFileReference; lastKnownFileType = sourcecode.swift; path = CustomTableViewCell.swift; sourceTree = "<group>"; };
		E63BE6EA2BC5D96C006B9274 /* CustomCollectionViewCell.swift */ = {isa = PBXFileReference; lastKnownFileType = sourcecode.swift; path = CustomCollectionViewCell.swift; sourceTree = "<group>"; };
		E63BE6EC2BC5D9D5006B9274 /* ChainedFrameConstraints+EmbeddedVC.swift */ = {isa = PBXFileReference; lastKnownFileType = sourcecode.swift; path = "ChainedFrameConstraints+EmbeddedVC.swift"; sourceTree = "<group>"; };
		E63BE6EE2BC5DA3B006B9274 /* UIViewController+Alert.swift */ = {isa = PBXFileReference; lastKnownFileType = sourcecode.swift; path = "UIViewController+Alert.swift"; sourceTree = "<group>"; };
		E63BE6F02BC5DA87006B9274 /* CustomTableViewController.swift */ = {isa = PBXFileReference; lastKnownFileType = sourcecode.swift; path = CustomTableViewController.swift; sourceTree = "<group>"; };
		E63BE6F22BC5DAC2006B9274 /* CustomCollectionViewController.swift */ = {isa = PBXFileReference; lastKnownFileType = sourcecode.swift; path = CustomCollectionViewController.swift; sourceTree = "<group>"; };
		E681A2032BB2823000423514 /* ConceptLibrary.app */ = {isa = PBXFileReference; explicitFileType = wrapper.application; includeInIndex = 0; path = ConceptLibrary.app; sourceTree = BUILT_PRODUCTS_DIR; };
		E681A2062BB2823000423514 /* AppDelegate.swift */ = {isa = PBXFileReference; lastKnownFileType = sourcecode.swift; path = AppDelegate.swift; sourceTree = "<group>"; };
		E681A2082BB2823000423514 /* SceneDelegate.swift */ = {isa = PBXFileReference; lastKnownFileType = sourcecode.swift; path = SceneDelegate.swift; sourceTree = "<group>"; };
		E681A20A2BB2823000423514 /* ConceptsListViewController.swift */ = {isa = PBXFileReference; lastKnownFileType = sourcecode.swift; path = ConceptsListViewController.swift; sourceTree = "<group>"; };
		E681A20F2BB2823200423514 /* Assets.xcassets */ = {isa = PBXFileReference; lastKnownFileType = folder.assetcatalog; path = Assets.xcassets; sourceTree = "<group>"; };
		E681A2122BB2823200423514 /* Base */ = {isa = PBXFileReference; lastKnownFileType = file.storyboard; name = Base; path = Base.lproj/LaunchScreen.storyboard; sourceTree = "<group>"; };
		E681A2142BB2823200423514 /* Info.plist */ = {isa = PBXFileReference; lastKnownFileType = text.plist.xml; path = Info.plist; sourceTree = "<group>"; };
		E681A21B2BB2855B00423514 /* ConceptCell.swift */ = {isa = PBXFileReference; lastKnownFileType = sourcecode.swift; path = ConceptCell.swift; sourceTree = "<group>"; };
		E681A21D2BB2993300423514 /* Concepts.swift */ = {isa = PBXFileReference; lastKnownFileType = sourcecode.swift; path = Concepts.swift; sourceTree = "<group>"; };
		E681A2202BB35E4600423514 /* LayoutIfNeeded_ViewController.swift */ = {isa = PBXFileReference; lastKnownFileType = sourcecode.swift; path = LayoutIfNeeded_ViewController.swift; sourceTree = "<group>"; };
		E681A2232BB3699000423514 /* ViewCodable.swift */ = {isa = PBXFileReference; fileEncoding = 4; lastKnownFileType = sourcecode.swift; path = ViewCodable.swift; sourceTree = "<group>"; };
		E681A2252BB369A200423514 /* ChainedConstraints.swift */ = {isa = PBXFileReference; fileEncoding = 4; lastKnownFileType = sourcecode.swift; path = ChainedConstraints.swift; sourceTree = "<group>"; };
		E6DA3CD12BD1CA7800307526 /* Text2Speech_ViewController.swift */ = {isa = PBXFileReference; lastKnownFileType = sourcecode.swift; path = Text2Speech_ViewController.swift; sourceTree = "<group>"; };
		E6DA3CD32BD1D3DC00307526 /* VoiceRecognition_ViewController.swift */ = {isa = PBXFileReference; lastKnownFileType = sourcecode.swift; path = VoiceRecognition_ViewController.swift; sourceTree = "<group>"; };
		E6DA3CD52BD1D75D00307526 /* VideoPlayer_ViewController.swift */ = {isa = PBXFileReference; lastKnownFileType = sourcecode.swift; path = VideoPlayer_ViewController.swift; sourceTree = "<group>"; };
		E6DA3CF42BD1ED3000307526 /* My Sticker Extension.app */ = {isa = PBXFileReference; explicitFileType = wrapper.application; includeInIndex = 0; path = "My Sticker Extension.app"; sourceTree = BUILT_PRODUCTS_DIR; };
		E6DA3CF72BD1ED3000307526 /* My Sticker Extension StickerPackExtension.appex */ = {isa = PBXFileReference; explicitFileType = "wrapper.app-extension"; includeInIndex = 0; path = "My Sticker Extension StickerPackExtension.appex"; sourceTree = BUILT_PRODUCTS_DIR; };
		E6DA3CFB2BD1ED3000307526 /* Stickers.xcstickers */ = {isa = PBXFileReference; lastKnownFileType = folder.stickers; name = Stickers.xcstickers; path = "My Sticker Extension StickerPackExtension/Stickers.xcstickers"; sourceTree = "<group>"; };
		F4311E272ACEF7E39A44D43A /* Pods-ConceptLibrary.release.xcconfig */ = {isa = PBXFileReference; includeInIndex = 1; lastKnownFileType = text.xcconfig; name = "Pods-ConceptLibrary.release.xcconfig"; path = "Target Support Files/Pods-ConceptLibrary/Pods-ConceptLibrary.release.xcconfig"; sourceTree = "<group>"; };
/* End PBXFileReference section */

/* Begin PBXFrameworksBuildPhase section */
		E681A2002BB2823000423514 /* Frameworks */ = {
			isa = PBXFrameworksBuildPhase;
			buildActionMask = 2147483647;
			files = (
				915F2FB83C3F113718993592 /* Pods_ConceptLibrary.framework in Frameworks */,
			);
			runOnlyForDeploymentPostprocessing = 0;
		};
/* End PBXFrameworksBuildPhase section */

/* Begin PBXGroup section */
		093925EC9162EEA3FFEE5C88 /* Pods */ = {
			isa = PBXGroup;
			children = (
				37A865ACA7A02C7127BAF247 /* Pods-ConceptLibrary.debug.xcconfig */,
				F4311E272ACEF7E39A44D43A /* Pods-ConceptLibrary.release.xcconfig */,
			);
			path = Pods;
			sourceTree = "<group>";
		};
		C26535F86C0E93BB743B20D9 /* Frameworks */ = {
			isa = PBXGroup;
			children = (
				248A9B090B1E1CBE279E2A58 /* Pods_ConceptLibrary.framework */,
			);
			name = Frameworks;
			sourceTree = "<group>";
		};
		E63BE68C2BC08491006B9274 /* AsyncAwaitAPICalls */ = {
			isa = PBXGroup;
			children = (
				E63BE68D2BC084B5006B9274 /* SwiftAPICallsWithAsyncAwaitView.swift */,
				E63BE68F2BC0860B006B9274 /* GithubError.swift */,
				E63BE6912BC08626006B9274 /* GithubUser.swift */,
			);
			path = AsyncAwaitAPICalls;
			sourceTree = "<group>";
		};
		E63BE6BD2BC0BAD8006B9274 /* UIKitWithSwiftUI */ = {
			isa = PBXGroup;
			children = (
				E63BE6BB2BC0BAB9006B9274 /* ProgressBarSwiftUIView.swift */,
				E63BE6BE2BC0BAFA006B9274 /* ProgressBarSwiftUIViewModel.swift */,
			);
			path = UIKitWithSwiftUI;
			sourceTree = "<group>";
		};
		E63BE6E72BC4C705006B9274 /* EmbeddedViewControllerWithCollectionView */ = {
			isa = PBXGroup;
			children = (
				E63BE6F42BC5DAF3006B9274 /* GenericTableView */,
				E63BE6F52BC5DB08006B9274 /* GenericCollectionView */,
			);
			path = EmbeddedViewControllerWithCollectionView;
			sourceTree = "<group>";
		};
		E63BE6F42BC5DAF3006B9274 /* GenericTableView */ = {
			isa = PBXGroup;
			children = (
				E63BE6F02BC5DA87006B9274 /* CustomTableViewController.swift */,
				E63BE6E82BC4C72B006B9274 /* CustomTableViewCell.swift */,
			);
			path = GenericTableView;
			sourceTree = "<group>";
		};
		E63BE6F52BC5DB08006B9274 /* GenericCollectionView */ = {
			isa = PBXGroup;
			children = (
				E63BE6F22BC5DAC2006B9274 /* CustomCollectionViewController.swift */,
				E63BE6EA2BC5D96C006B9274 /* CustomCollectionViewCell.swift */,
			);
			path = GenericCollectionView;
			sourceTree = "<group>";
		};
		E681A1FA2BB2823000423514 = {
			isa = PBXGroup;
			children = (
				E6DA3CFB2BD1ED3000307526 /* Stickers.xcstickers */,
				E681A2052BB2823000423514 /* ConceptLibrary */,
				E681A2042BB2823000423514 /* Products */,
				093925EC9162EEA3FFEE5C88 /* Pods */,
				C26535F86C0E93BB743B20D9 /* Frameworks */,
			);
			sourceTree = "<group>";
		};
		E681A2042BB2823000423514 /* Products */ = {
			isa = PBXGroup;
			children = (
				E681A2032BB2823000423514 /* ConceptLibrary.app */,
				E6DA3CF42BD1ED3000307526 /* My Sticker Extension.app */,
				E6DA3CF72BD1ED3000307526 /* My Sticker Extension StickerPackExtension.appex */,
			);
			name = Products;
			sourceTree = "<group>";
		};
		E681A2052BB2823000423514 /* ConceptLibrary */ = {
			isa = PBXGroup;
			children = (
				E681A21A2BB2852100423514 /* Supporting */,
				E681A20A2BB2823000423514 /* ConceptsListViewController.swift */,
				E681A21D2BB2993300423514 /* Concepts.swift */,
				E681A21F2BB35CF200423514 /* Concepts */,
				E681A2142BB2823200423514 /* Info.plist */,
			);
			path = ConceptLibrary;
			sourceTree = "<group>";
		};
		E681A21A2BB2852100423514 /* Supporting */ = {
			isa = PBXGroup;
			children = (
				E681A2222BB3697400423514 /* Extensions */,
				E681A2112BB2823200423514 /* LaunchScreen.storyboard */,
				E681A20F2BB2823200423514 /* Assets.xcassets */,
				E681A2062BB2823000423514 /* AppDelegate.swift */,
				E681A21B2BB2855B00423514 /* ConceptCell.swift */,
				E681A2082BB2823000423514 /* SceneDelegate.swift */,
			);
			path = Supporting;
			sourceTree = "<group>";
		};
		E681A21F2BB35CF200423514 /* Concepts */ = {
			isa = PBXGroup;
			children = (
				E681A2202BB35E4600423514 /* LayoutIfNeeded_ViewController.swift */,
				E63BE68A2BC08479006B9274 /* AsyncAwaitAPICalls_ViewController.swift */,
				E63BE6E52BC4C2F5006B9274 /* EmbeddedViewControllerWithCollectionView_ViewController.swift */,
				E63BE6E72BC4C705006B9274 /* EmbeddedViewControllerWithCollectionView */,
				E63BE68C2BC08491006B9274 /* AsyncAwaitAPICalls */,
				E63BE6B92BC0BA60006B9274 /* UIKitWithSwiftUI_ViewController.swift */,
				E63BE6BD2BC0BAD8006B9274 /* UIKitWithSwiftUI */,
				E6DA3CD12BD1CA7800307526 /* Text2Speech_ViewController.swift */,
				E6DA3CD32BD1D3DC00307526 /* VoiceRecognition_ViewController.swift */,
				E6DA3CD52BD1D75D00307526 /* VideoPlayer_ViewController.swift */,
			);
			path = Concepts;
			sourceTree = "<group>";
		};
		E681A2222BB3697400423514 /* Extensions */ = {
			isa = PBXGroup;
			children = (
				E681A2252BB369A200423514 /* ChainedConstraints.swift */,
				E63BE6EC2BC5D9D5006B9274 /* ChainedFrameConstraints+EmbeddedVC.swift */,
				E63BE6EE2BC5DA3B006B9274 /* UIViewController+Alert.swift */,
				E63BE6C02BC483E2006B9274 /* Log.swift */,
				E681A2232BB3699000423514 /* ViewCodable.swift */,
			);
			path = Extensions;
			sourceTree = "<group>";
		};
/* End PBXGroup section */

/* Begin PBXNativeTarget section */
		E681A2022BB2823000423514 /* ConceptLibrary */ = {
			isa = PBXNativeTarget;
			buildConfigurationList = E681A2172BB2823200423514 /* Build configuration list for PBXNativeTarget "ConceptLibrary" */;
			buildPhases = (
				9F7A001C8A9E744BE16ADD3B /* [CP] Check Pods Manifest.lock */,
				E681A1FF2BB2823000423514 /* Sources */,
				E681A2002BB2823000423514 /* Frameworks */,
				E681A2012BB2823000423514 /* Resources */,
				90AEEF8D51FA7006F0D5D717 /* [CP] Embed Pods Frameworks */,
			);
			buildRules = (
			);
			dependencies = (
			);
			name = ConceptLibrary;
			productName = ConceptLibrary;
			productReference = E681A2032BB2823000423514 /* ConceptLibrary.app */;
			productType = "com.apple.product-type.application";
		};
		E6DA3CF32BD1ED3000307526 /* My Sticker Extension */ = {
			isa = PBXNativeTarget;
			buildConfigurationList = E6DA3D022BD1ED3000307526 /* Build configuration list for PBXNativeTarget "My Sticker Extension" */;
			buildPhases = (
				E6DA3CF22BD1ED3000307526 /* Resources */,
				E6DA3D012BD1ED3000307526 /* Embed Foundation Extensions */,
			);
			buildRules = (
			);
			dependencies = (
				E6DA3CFA2BD1ED3000307526 /* PBXTargetDependency */,
			);
			name = "My Sticker Extension";
			productName = "My Sticker Extension";
			productReference = E6DA3CF42BD1ED3000307526 /* My Sticker Extension.app */;
			productType = "com.apple.product-type.application.messages";
		};
		E6DA3CF62BD1ED3000307526 /* My Sticker Extension StickerPackExtension */ = {
			isa = PBXNativeTarget;
			buildConfigurationList = E6DA3CFE2BD1ED3000307526 /* Build configuration list for PBXNativeTarget "My Sticker Extension StickerPackExtension" */;
			buildPhases = (
				E6DA3CF52BD1ED3000307526 /* Resources */,
			);
			buildRules = (
			);
			dependencies = (
			);
			name = "My Sticker Extension StickerPackExtension";
			productName = "My Sticker Extension StickerPackExtension";
			productReference = E6DA3CF72BD1ED3000307526 /* My Sticker Extension StickerPackExtension.appex */;
			productType = "com.apple.product-type.app-extension.messages-sticker-pack";
		};
/* End PBXNativeTarget section */

/* Begin PBXProject section */
		E681A1FB2BB2823000423514 /* Project object */ = {
			isa = PBXProject;
			attributes = {
				BuildIndependentTargetsInParallel = 1;
				LastSwiftUpdateCheck = 1500;
				LastUpgradeCheck = 1500;
				TargetAttributes = {
					E681A2022BB2823000423514 = {
						CreatedOnToolsVersion = 15.0.1;
					};
					E6DA3CF32BD1ED3000307526 = {
						CreatedOnToolsVersion = 15.0.1;
					};
					E6DA3CF62BD1ED3000307526 = {
						CreatedOnToolsVersion = 15.0.1;
					};
				};
			};
			buildConfigurationList = E681A1FE2BB2823000423514 /* Build configuration list for PBXProject "ConceptLibrary" */;
			compatibilityVersion = "Xcode 14.0";
			developmentRegion = en;
			hasScannedForEncodings = 0;
			knownRegions = (
				en,
				Base,
			);
			mainGroup = E681A1FA2BB2823000423514;
			productRefGroup = E681A2042BB2823000423514 /* Products */;
			projectDirPath = "";
			projectRoot = "";
			targets = (
				E681A2022BB2823000423514 /* ConceptLibrary */,
				E6DA3CF32BD1ED3000307526 /* My Sticker Extension */,
				E6DA3CF62BD1ED3000307526 /* My Sticker Extension StickerPackExtension */,
			);
		};
/* End PBXProject section */

/* Begin PBXResourcesBuildPhase section */
		E681A2012BB2823000423514 /* Resources */ = {
			isa = PBXResourcesBuildPhase;
			buildActionMask = 2147483647;
			files = (
				E681A2132BB2823200423514 /* LaunchScreen.storyboard in Resources */,
				E681A2102BB2823200423514 /* Assets.xcassets in Resources */,
			);
			runOnlyForDeploymentPostprocessing = 0;
		};
		E6DA3CF22BD1ED3000307526 /* Resources */ = {
			isa = PBXResourcesBuildPhase;
			buildActionMask = 2147483647;
			files = (
				E6DA3CFD2BD1ED3000307526 /* Stickers.xcstickers in Resources */,
			);
			runOnlyForDeploymentPostprocessing = 0;
		};
		E6DA3CF52BD1ED3000307526 /* Resources */ = {
			isa = PBXResourcesBuildPhase;
			buildActionMask = 2147483647;
			files = (
				E6DA3CFC2BD1ED3000307526 /* Stickers.xcstickers in Resources */,
			);
			runOnlyForDeploymentPostprocessing = 0;
		};
/* End PBXResourcesBuildPhase section */

/* Begin PBXShellScriptBuildPhase section */
		90AEEF8D51FA7006F0D5D717 /* [CP] Embed Pods Frameworks */ = {
			isa = PBXShellScriptBuildPhase;
			buildActionMask = 2147483647;
			files = (
			);
			inputFileListPaths = (
				"${PODS_ROOT}/Target Support Files/Pods-ConceptLibrary/Pods-ConceptLibrary-frameworks-${CONFIGURATION}-input-files.xcfilelist",
			);
			name = "[CP] Embed Pods Frameworks";
			outputFileListPaths = (
				"${PODS_ROOT}/Target Support Files/Pods-ConceptLibrary/Pods-ConceptLibrary-frameworks-${CONFIGURATION}-output-files.xcfilelist",
			);
			runOnlyForDeploymentPostprocessing = 0;
			shellPath = /bin/sh;
			shellScript = "\"${PODS_ROOT}/Target Support Files/Pods-ConceptLibrary/Pods-ConceptLibrary-frameworks.sh\"\n";
			showEnvVarsInLog = 0;
		};
		9F7A001C8A9E744BE16ADD3B /* [CP] Check Pods Manifest.lock */ = {
			isa = PBXShellScriptBuildPhase;
			buildActionMask = 2147483647;
			files = (
			);
			inputFileListPaths = (
			);
			inputPaths = (
				"${PODS_PODFILE_DIR_PATH}/Podfile.lock",
				"${PODS_ROOT}/Manifest.lock",
			);
			name = "[CP] Check Pods Manifest.lock";
			outputFileListPaths = (
			);
			outputPaths = (
				"$(DERIVED_FILE_DIR)/Pods-ConceptLibrary-checkManifestLockResult.txt",
			);
			runOnlyForDeploymentPostprocessing = 0;
			shellPath = /bin/sh;
			shellScript = "diff \"${PODS_PODFILE_DIR_PATH}/Podfile.lock\" \"${PODS_ROOT}/Manifest.lock\" > /dev/null\nif [ $? != 0 ] ; then\n    # print error to STDERR\n    echo \"error: The sandbox is not in sync with the Podfile.lock. Run 'pod install' or update your CocoaPods installation.\" >&2\n    exit 1\nfi\n# This output is used by Xcode 'outputs' to avoid re-running this script phase.\necho \"SUCCESS\" > \"${SCRIPT_OUTPUT_FILE_0}\"\n";
			showEnvVarsInLog = 0;
		};
/* End PBXShellScriptBuildPhase section */

/* Begin PBXSourcesBuildPhase section */
		E681A1FF2BB2823000423514 /* Sources */ = {
			isa = PBXSourcesBuildPhase;
			buildActionMask = 2147483647;
			files = (
				E6DA3CD42BD1D3DC00307526 /* VoiceRecognition_ViewController.swift in Sources */,
				E63BE6E62BC4C2F5006B9274 /* EmbeddedViewControllerWithCollectionView_ViewController.swift in Sources */,
				E681A21C2BB2855B00423514 /* ConceptCell.swift in Sources */,
				E63BE6922BC08626006B9274 /* GithubUser.swift in Sources */,
				E63BE6BF2BC0BAFA006B9274 /* ProgressBarSwiftUIViewModel.swift in Sources */,
				E681A20B2BB2823000423514 /* ConceptsListViewController.swift in Sources */,
				E681A2072BB2823000423514 /* AppDelegate.swift in Sources */,
				E63BE6F12BC5DA87006B9274 /* CustomTableViewController.swift in Sources */,
				E63BE6EB2BC5D96C006B9274 /* CustomCollectionViewCell.swift in Sources */,
				E6DA3CD22BD1CA7800307526 /* Text2Speech_ViewController.swift in Sources */,
				E681A2092BB2823000423514 /* SceneDelegate.swift in Sources */,
				E63BE6C12BC483E2006B9274 /* Log.swift in Sources */,
				E63BE6BC2BC0BAB9006B9274 /* ProgressBarSwiftUIView.swift in Sources */,
				E63BE6EF2BC5DA3B006B9274 /* UIViewController+Alert.swift in Sources */,
				E681A2242BB3699000423514 /* ViewCodable.swift in Sources */,
				E63BE6F32BC5DAC2006B9274 /* CustomCollectionViewController.swift in Sources */,
				E681A2212BB35E4600423514 /* LayoutIfNeeded_ViewController.swift in Sources */,
				E63BE6BA2BC0BA60006B9274 /* UIKitWithSwiftUI_ViewController.swift in Sources */,
				E6DA3CD62BD1D75D00307526 /* VideoPlayer_ViewController.swift in Sources */,
				E63BE6902BC0860B006B9274 /* GithubError.swift in Sources */,
				E63BE68E2BC084B5006B9274 /* SwiftAPICallsWithAsyncAwaitView.swift in Sources */,
				E63BE6ED2BC5D9D5006B9274 /* ChainedFrameConstraints+EmbeddedVC.swift in Sources */,
				E681A21E2BB2993300423514 /* Concepts.swift in Sources */,
				E63BE6E92BC4C72B006B9274 /* CustomTableViewCell.swift in Sources */,
				E63BE68B2BC08479006B9274 /* AsyncAwaitAPICalls_ViewController.swift in Sources */,
				E681A2262BB369A300423514 /* ChainedConstraints.swift in Sources */,
			);
			runOnlyForDeploymentPostprocessing = 0;
		};
/* End PBXSourcesBuildPhase section */

/* Begin PBXTargetDependency section */
		E6DA3CFA2BD1ED3000307526 /* PBXTargetDependency */ = {
			isa = PBXTargetDependency;
			target = E6DA3CF62BD1ED3000307526 /* My Sticker Extension StickerPackExtension */;
			targetProxy = E6DA3CF92BD1ED3000307526 /* PBXContainerItemProxy */;
		};
/* End PBXTargetDependency section */

/* Begin PBXVariantGroup section */
		E681A2112BB2823200423514 /* LaunchScreen.storyboard */ = {
			isa = PBXVariantGroup;
			children = (
				E681A2122BB2823200423514 /* Base */,
			);
			name = LaunchScreen.storyboard;
			sourceTree = "<group>";
		};
/* End PBXVariantGroup section */

/* Begin XCBuildConfiguration section */
		E681A2152BB2823200423514 /* Debug */ = {
			isa = XCBuildConfiguration;
			buildSettings = {
				ALWAYS_SEARCH_USER_PATHS = NO;
				ASSETCATALOG_COMPILER_GENERATE_SWIFT_ASSET_SYMBOL_EXTENSIONS = YES;
				CLANG_ANALYZER_NONNULL = YES;
				CLANG_ANALYZER_NUMBER_OBJECT_CONVERSION = YES_AGGRESSIVE;
				CLANG_CXX_LANGUAGE_STANDARD = "gnu++20";
				CLANG_ENABLE_MODULES = YES;
				CLANG_ENABLE_OBJC_ARC = YES;
				CLANG_ENABLE_OBJC_WEAK = YES;
				CLANG_WARN_BLOCK_CAPTURE_AUTORELEASING = YES;
				CLANG_WARN_BOOL_CONVERSION = YES;
				CLANG_WARN_COMMA = YES;
				CLANG_WARN_CONSTANT_CONVERSION = YES;
				CLANG_WARN_DEPRECATED_OBJC_IMPLEMENTATIONS = YES;
				CLANG_WARN_DIRECT_OBJC_ISA_USAGE = YES_ERROR;
				CLANG_WARN_DOCUMENTATION_COMMENTS = YES;
				CLANG_WARN_EMPTY_BODY = YES;
				CLANG_WARN_ENUM_CONVERSION = YES;
				CLANG_WARN_INFINITE_RECURSION = YES;
				CLANG_WARN_INT_CONVERSION = YES;
				CLANG_WARN_NON_LITERAL_NULL_CONVERSION = YES;
				CLANG_WARN_OBJC_IMPLICIT_RETAIN_SELF = YES;
				CLANG_WARN_OBJC_LITERAL_CONVERSION = YES;
				CLANG_WARN_OBJC_ROOT_CLASS = YES_ERROR;
				CLANG_WARN_QUOTED_INCLUDE_IN_FRAMEWORK_HEADER = YES;
				CLANG_WARN_RANGE_LOOP_ANALYSIS = YES;
				CLANG_WARN_STRICT_PROTOTYPES = YES;
				CLANG_WARN_SUSPICIOUS_MOVE = YES;
				CLANG_WARN_UNGUARDED_AVAILABILITY = YES_AGGRESSIVE;
				CLANG_WARN_UNREACHABLE_CODE = YES;
				CLANG_WARN__DUPLICATE_METHOD_MATCH = YES;
				COPY_PHASE_STRIP = NO;
				DEBUG_INFORMATION_FORMAT = dwarf;
				ENABLE_STRICT_OBJC_MSGSEND = YES;
				ENABLE_TESTABILITY = YES;
				ENABLE_USER_SCRIPT_SANDBOXING = YES;
				GCC_C_LANGUAGE_STANDARD = gnu17;
				GCC_DYNAMIC_NO_PIC = NO;
				GCC_NO_COMMON_BLOCKS = YES;
				GCC_OPTIMIZATION_LEVEL = 0;
				GCC_PREPROCESSOR_DEFINITIONS = (
					"DEBUG=1",
					"$(inherited)",
				);
				GCC_WARN_64_TO_32_BIT_CONVERSION = YES;
				GCC_WARN_ABOUT_RETURN_TYPE = YES_ERROR;
				GCC_WARN_UNDECLARED_SELECTOR = YES;
				GCC_WARN_UNINITIALIZED_AUTOS = YES_AGGRESSIVE;
				GCC_WARN_UNUSED_FUNCTION = YES;
				GCC_WARN_UNUSED_VARIABLE = YES;
				IPHONEOS_DEPLOYMENT_TARGET = 17.0;
				LOCALIZATION_PREFERS_STRING_CATALOGS = YES;
				MTL_ENABLE_DEBUG_INFO = INCLUDE_SOURCE;
				MTL_FAST_MATH = YES;
				ONLY_ACTIVE_ARCH = YES;
				SDKROOT = iphoneos;
				SWIFT_ACTIVE_COMPILATION_CONDITIONS = "DEBUG $(inherited)";
				SWIFT_OPTIMIZATION_LEVEL = "-Onone";
			};
			name = Debug;
		};
		E681A2162BB2823200423514 /* Release */ = {
			isa = XCBuildConfiguration;
			buildSettings = {
				ALWAYS_SEARCH_USER_PATHS = NO;
				ASSETCATALOG_COMPILER_GENERATE_SWIFT_ASSET_SYMBOL_EXTENSIONS = YES;
				CLANG_ANALYZER_NONNULL = YES;
				CLANG_ANALYZER_NUMBER_OBJECT_CONVERSION = YES_AGGRESSIVE;
				CLANG_CXX_LANGUAGE_STANDARD = "gnu++20";
				CLANG_ENABLE_MODULES = YES;
				CLANG_ENABLE_OBJC_ARC = YES;
				CLANG_ENABLE_OBJC_WEAK = YES;
				CLANG_WARN_BLOCK_CAPTURE_AUTORELEASING = YES;
				CLANG_WARN_BOOL_CONVERSION = YES;
				CLANG_WARN_COMMA = YES;
				CLANG_WARN_CONSTANT_CONVERSION = YES;
				CLANG_WARN_DEPRECATED_OBJC_IMPLEMENTATIONS = YES;
				CLANG_WARN_DIRECT_OBJC_ISA_USAGE = YES_ERROR;
				CLANG_WARN_DOCUMENTATION_COMMENTS = YES;
				CLANG_WARN_EMPTY_BODY = YES;
				CLANG_WARN_ENUM_CONVERSION = YES;
				CLANG_WARN_INFINITE_RECURSION = YES;
				CLANG_WARN_INT_CONVERSION = YES;
				CLANG_WARN_NON_LITERAL_NULL_CONVERSION = YES;
				CLANG_WARN_OBJC_IMPLICIT_RETAIN_SELF = YES;
				CLANG_WARN_OBJC_LITERAL_CONVERSION = YES;
				CLANG_WARN_OBJC_ROOT_CLASS = YES_ERROR;
				CLANG_WARN_QUOTED_INCLUDE_IN_FRAMEWORK_HEADER = YES;
				CLANG_WARN_RANGE_LOOP_ANALYSIS = YES;
				CLANG_WARN_STRICT_PROTOTYPES = YES;
				CLANG_WARN_SUSPICIOUS_MOVE = YES;
				CLANG_WARN_UNGUARDED_AVAILABILITY = YES_AGGRESSIVE;
				CLANG_WARN_UNREACHABLE_CODE = YES;
				CLANG_WARN__DUPLICATE_METHOD_MATCH = YES;
				COPY_PHASE_STRIP = NO;
				DEBUG_INFORMATION_FORMAT = "dwarf-with-dsym";
				ENABLE_NS_ASSERTIONS = NO;
				ENABLE_STRICT_OBJC_MSGSEND = YES;
				ENABLE_USER_SCRIPT_SANDBOXING = YES;
				GCC_C_LANGUAGE_STANDARD = gnu17;
				GCC_NO_COMMON_BLOCKS = YES;
				GCC_WARN_64_TO_32_BIT_CONVERSION = YES;
				GCC_WARN_ABOUT_RETURN_TYPE = YES_ERROR;
				GCC_WARN_UNDECLARED_SELECTOR = YES;
				GCC_WARN_UNINITIALIZED_AUTOS = YES_AGGRESSIVE;
				GCC_WARN_UNUSED_FUNCTION = YES;
				GCC_WARN_UNUSED_VARIABLE = YES;
				IPHONEOS_DEPLOYMENT_TARGET = 17.0;
				LOCALIZATION_PREFERS_STRING_CATALOGS = YES;
				MTL_ENABLE_DEBUG_INFO = NO;
				MTL_FAST_MATH = YES;
				SDKROOT = iphoneos;
				SWIFT_COMPILATION_MODE = wholemodule;
				VALIDATE_PRODUCT = YES;
			};
			name = Release;
		};
		E681A2182BB2823200423514 /* Debug */ = {
			isa = XCBuildConfiguration;
			baseConfigurationReference = 37A865ACA7A02C7127BAF247 /* Pods-ConceptLibrary.debug.xcconfig */;
			buildSettings = {
				ASSETCATALOG_COMPILER_APPICON_NAME = AppIcon;
				ASSETCATALOG_COMPILER_GLOBAL_ACCENT_COLOR_NAME = AccentColor;
				CODE_SIGN_STYLE = Automatic;
				CURRENT_PROJECT_VERSION = 1;
				DEVELOPMENT_TEAM = F796PV2T27;
				ENABLE_USER_SCRIPT_SANDBOXING = NO;
				GENERATE_INFOPLIST_FILE = YES;
				INFOPLIST_FILE = ConceptLibrary/Info.plist;
				INFOPLIST_KEY_UIApplicationSupportsIndirectInputEvents = YES;
				INFOPLIST_KEY_UILaunchStoryboardName = LaunchScreen;
				INFOPLIST_KEY_UISupportedInterfaceOrientations_iPad = "UIInterfaceOrientationPortrait UIInterfaceOrientationPortraitUpsideDown UIInterfaceOrientationLandscapeLeft UIInterfaceOrientationLandscapeRight";
				INFOPLIST_KEY_UISupportedInterfaceOrientations_iPhone = "UIInterfaceOrientationPortrait UIInterfaceOrientationLandscapeLeft UIInterfaceOrientationLandscapeRight";
				LD_RUNPATH_SEARCH_PATHS = (
					"$(inherited)",
					"@executable_path/Frameworks",
				);
				MARKETING_VERSION = 1.0;
				PRODUCT_BUNDLE_IDENTIFIER = com.LucasCBCompass.ConceptLibrary;
				PRODUCT_NAME = "$(TARGET_NAME)";
				SWIFT_EMIT_LOC_STRINGS = YES;
				SWIFT_VERSION = 5.0;
				TARGETED_DEVICE_FAMILY = "1,2";
			};
			name = Debug;
		};
		E681A2192BB2823200423514 /* Release */ = {
			isa = XCBuildConfiguration;
			baseConfigurationReference = F4311E272ACEF7E39A44D43A /* Pods-ConceptLibrary.release.xcconfig */;
			buildSettings = {
				ASSETCATALOG_COMPILER_APPICON_NAME = AppIcon;
				ASSETCATALOG_COMPILER_GLOBAL_ACCENT_COLOR_NAME = AccentColor;
				CODE_SIGN_STYLE = Automatic;
				CURRENT_PROJECT_VERSION = 1;
				DEVELOPMENT_TEAM = F796PV2T27;
				ENABLE_USER_SCRIPT_SANDBOXING = NO;
				GENERATE_INFOPLIST_FILE = YES;
				INFOPLIST_FILE = ConceptLibrary/Info.plist;
				INFOPLIST_KEY_UIApplicationSupportsIndirectInputEvents = YES;
				INFOPLIST_KEY_UILaunchStoryboardName = LaunchScreen;
				INFOPLIST_KEY_UISupportedInterfaceOrientations_iPad = "UIInterfaceOrientationPortrait UIInterfaceOrientationPortraitUpsideDown UIInterfaceOrientationLandscapeLeft UIInterfaceOrientationLandscapeRight";
				INFOPLIST_KEY_UISupportedInterfaceOrientations_iPhone = "UIInterfaceOrientationPortrait UIInterfaceOrientationLandscapeLeft UIInterfaceOrientationLandscapeRight";
				LD_RUNPATH_SEARCH_PATHS = (
					"$(inherited)",
					"@executable_path/Frameworks",
				);
				MARKETING_VERSION = 1.0;
				PRODUCT_BUNDLE_IDENTIFIER = com.LucasCBCompass.ConceptLibrary;
				PRODUCT_NAME = "$(TARGET_NAME)";
				SWIFT_EMIT_LOC_STRINGS = YES;
				SWIFT_VERSION = 5.0;
				TARGETED_DEVICE_FAMILY = "1,2";
			};
			name = Release;
		};
		E6DA3CFF2BD1ED3000307526 /* Debug */ = {
			isa = XCBuildConfiguration;
			buildSettings = {
				ASSETCATALOG_COMPILER_APPICON_NAME = "iMessage App Icon";
				CODE_SIGN_STYLE = Automatic;
				CURRENT_PROJECT_VERSION = 1;
				DEVELOPMENT_TEAM = F796PV2T27;
				GENERATE_INFOPLIST_FILE = YES;
				INFOPLIST_FILE = "My Sticker Extension StickerPackExtension/Info.plist";
				INFOPLIST_KEY_CFBundleDisplayName = "My Sticker Extension";
				INFOPLIST_KEY_NSStickerSharingLevel = OS;
				MARKETING_VERSION = 1.0;
				PRODUCT_BUNDLE_IDENTIFIER = "com.LucasCBCompass.My-Sticker-Extension.StickerPackExtension";
				PRODUCT_NAME = "$(TARGET_NAME)";
				SKIP_INSTALL = YES;
				SWIFT_EMIT_LOC_STRINGS = YES;
				TARGETED_DEVICE_FAMILY = "1,2";
			};
			name = Debug;
		};
		E6DA3D002BD1ED3000307526 /* Release */ = {
			isa = XCBuildConfiguration;
			buildSettings = {
				ASSETCATALOG_COMPILER_APPICON_NAME = "iMessage App Icon";
				CODE_SIGN_STYLE = Automatic;
				CURRENT_PROJECT_VERSION = 1;
				DEVELOPMENT_TEAM = F796PV2T27;
				GENERATE_INFOPLIST_FILE = YES;
				INFOPLIST_FILE = "My Sticker Extension StickerPackExtension/Info.plist";
				INFOPLIST_KEY_CFBundleDisplayName = "My Sticker Extension";
				INFOPLIST_KEY_NSStickerSharingLevel = OS;
				MARKETING_VERSION = 1.0;
				PRODUCT_BUNDLE_IDENTIFIER = "com.LucasCBCompass.My-Sticker-Extension.StickerPackExtension";
				PRODUCT_NAME = "$(TARGET_NAME)";
				SKIP_INSTALL = YES;
				SWIFT_EMIT_LOC_STRINGS = YES;
				TARGETED_DEVICE_FAMILY = "1,2";
			};
			name = Release;
		};
		E6DA3D032BD1ED3000307526 /* Debug */ = {
			isa = XCBuildConfiguration;
			buildSettings = {
				ASSETCATALOG_COMPILER_APPICON_NAME = "iMessage App Icon";
				CODE_SIGN_IDENTITY = "Apple Development";
				CODE_SIGN_STYLE = Automatic;
				CURRENT_PROJECT_VERSION = 1;
				DEVELOPMENT_TEAM = F796PV2T27;
				GENERATE_INFOPLIST_FILE = YES;
				INFOPLIST_FILE = "My Sticker Extension/Info.plist";
				INFOPLIST_KEY_NSStickerSharingLevel = OS;
				INFOPLIST_KEY_UILaunchStoryboardName = LaunchScreen;
				INFOPLIST_KEY_UIRequiredDeviceCapabilities = "";
				INFOPLIST_KEY_UISupportedInterfaceOrientations = "UIInterfaceOrientationPortrait UIInterfaceOrientationLandscapeLeft UIInterfaceOrientationLandscapeRight";
				INFOPLIST_KEY_UISupportedInterfaceOrientations_iPad = "UIInterfaceOrientationPortrait UIInterfaceOrientationPortraitUpsideDown UIInterfaceOrientationLandscapeLeft UIInterfaceOrientationLandscapeRight";
				MARKETING_VERSION = 1.0;
				PRODUCT_BUNDLE_IDENTIFIER = "com.LucasCBCompass.My-Sticker-Extension";
				PRODUCT_NAME = "$(TARGET_NAME)";
				PROVISIONING_PROFILE_SPECIFIER = "";
				SWIFT_EMIT_LOC_STRINGS = YES;
				TARGETED_DEVICE_FAMILY = "1,2";
			};
			name = Debug;
		};
		E6DA3D042BD1ED3000307526 /* Release */ = {
			isa = XCBuildConfiguration;
			buildSettings = {
				ASSETCATALOG_COMPILER_APPICON_NAME = "iMessage App Icon";
				CODE_SIGN_IDENTITY = "Apple Development";
				CODE_SIGN_STYLE = Automatic;
				CURRENT_PROJECT_VERSION = 1;
				DEVELOPMENT_TEAM = F796PV2T27;
				GENERATE_INFOPLIST_FILE = YES;
				INFOPLIST_FILE = "My Sticker Extension/Info.plist";
				INFOPLIST_KEY_NSStickerSharingLevel = OS;
				INFOPLIST_KEY_UILaunchStoryboardName = LaunchScreen;
				INFOPLIST_KEY_UIRequiredDeviceCapabilities = "";
				INFOPLIST_KEY_UISupportedInterfaceOrientations = "UIInterfaceOrientationPortrait UIInterfaceOrientationLandscapeLeft UIInterfaceOrientationLandscapeRight";
				INFOPLIST_KEY_UISupportedInterfaceOrientations_iPad = "UIInterfaceOrientationPortrait UIInterfaceOrientationPortraitUpsideDown UIInterfaceOrientationLandscapeLeft UIInterfaceOrientationLandscapeRight";
				MARKETING_VERSION = 1.0;
				PRODUCT_BUNDLE_IDENTIFIER = "com.LucasCBCompass.My-Sticker-Extension";
				PRODUCT_NAME = "$(TARGET_NAME)";
				PROVISIONING_PROFILE_SPECIFIER = "";
				SWIFT_EMIT_LOC_STRINGS = YES;
				TARGETED_DEVICE_FAMILY = "1,2";
			};
			name = Release;
		};
/* End XCBuildConfiguration section */

/* Begin XCConfigurationList section */
		E681A1FE2BB2823000423514 /* Build configuration list for PBXProject "ConceptLibrary" */ = {
			isa = XCConfigurationList;
			buildConfigurations = (
				E681A2152BB2823200423514 /* Debug */,
				E681A2162BB2823200423514 /* Release */,
			);
			defaultConfigurationIsVisible = 0;
			defaultConfigurationName = Release;
		};
		E681A2172BB2823200423514 /* Build configuration list for PBXNativeTarget "ConceptLibrary" */ = {
			isa = XCConfigurationList;
			buildConfigurations = (
				E681A2182BB2823200423514 /* Debug */,
				E681A2192BB2823200423514 /* Release */,
			);
			defaultConfigurationIsVisible = 0;
			defaultConfigurationName = Release;
		};
		E6DA3CFE2BD1ED3000307526 /* Build configuration list for PBXNativeTarget "My Sticker Extension StickerPackExtension" */ = {
			isa = XCConfigurationList;
			buildConfigurations = (
				E6DA3CFF2BD1ED3000307526 /* Debug */,
				E6DA3D002BD1ED3000307526 /* Release */,
			);
			defaultConfigurationIsVisible = 0;
			defaultConfigurationName = Release;
		};
		E6DA3D022BD1ED3000307526 /* Build configuration list for PBXNativeTarget "My Sticker Extension" */ = {
			isa = XCConfigurationList;
			buildConfigurations = (
				E6DA3D032BD1ED3000307526 /* Debug */,
				E6DA3D042BD1ED3000307526 /* Release */,
			);
			defaultConfigurationIsVisible = 0;
			defaultConfigurationName = Release;
		};
/* End XCConfigurationList section */
	};
	rootObject = E681A1FB2BB2823000423514 /* Project object */;
}
